
Microsoft Visual Studio Solution File, Format Version 12.00
# Visual Studio Version 17
VisualStudioVersion = 17.6.33815.320
MinimumVisualStudioVersion = 10.0.40219.1
Project("{8BC9CEB8-8B4A-11D0-8D11-00A0C91BC942}") = "Lab6", "Lab6\Lab6.vcxproj", "{E91DD8DA-DA66-409C-8632-3FD377640AFE}"
EndProject
Global
	GlobalSection(SolutionConfigurationPlatforms) = preSolution
		Debug|x64 = Debug|x64
		Debug|x86 = Debug|x86
		Release|x64 = Release|x64
		Release|x86 = Release|x86
	EndGlobalSection
	GlobalSection(ProjectConfigurationPlatforms) = postSolution
		{E91DD8DA-DA66-409C-8632-3FD377640AFE}.Debug|x64.ActiveCfg = Debug|x64
		{E91DD8DA-DA66-409C-8632-3FD377640AFE}.Debug|x64.Build.0 = Debug|x64
		{E91DD8DA-DA66-409C-8632-3FD377640AFE}.Debug|x86.ActiveCfg = Debug|Win32
		{E91DD8DA-DA66-409C-8632-3FD377640AFE}.Debug|x86.Build.0 = Debug|Win32
		{E91DD8DA-DA66-409C-8632-3FD377640AFE}.Release|x64.ActiveCfg = Release|x64
		{E91DD8DA-DA66-409C-8632-3FD377640AFE}.Release|x64.Build.0 = Release|x64
		{E91DD8DA-DA66-409C-8632-3FD377640AFE}.Release|x86.ActiveCfg = Release|Win32
		{E91DD8DA-DA66-409C-8632-3FD377640AFE}.Release|x86.Build.0 = Release|Win32
	EndGlobalSection
	GlobalSection(SolutionProperties) = preSolution
		HideSolutionNode = FALSE
	EndGlobalSection
	GlobalSection(ExtensibilityGlobals) = postSolution
		SolutionGuid = {80260784-0E82-4DFA-980C-65CBEF2A2B5F}
	EndGlobalSection
EndGlobal
